<?xml version="1.0" encoding="utf-8"?>
<Project ToolsVersion="4.0" xmlns="http://schemas.microsoft.com/developer/msbuild/2003">
  <ItemGroup>
    <Filter Include="Source Files">
      <UniqueIdentifier>{4FC737F1-C7A5-4376-A066-2A32D752A2FF}</UniqueIdentifier>
      <Extensions>cpp;c;cc;cxx;def;odl;idl;hpj;bat;asm;asmx</Extensions>
    </Filter>
    <Filter Include="Header Files">
      <UniqueIdentifier>{93995380-89BD-4b04-88EB-625FBE52EBFB}</UniqueIdentifier>
      <Extensions>h;hh;hpp;hxx;hm;inl;inc;xsd</Extensions>
    </Filter>
    <Filter Include="Resource Files">
      <UniqueIdentifier>{67DA6AB6-F800-4c08-8B7A-83BB121AAD01}</UniqueIdentifier>
      <Extensions>rc;ico;cur;bmp;dlg;rc2;rct;bin;rgs;gif;jpg;jpeg;jpe;resx;tiff;tif;png;wav;mfcribbon-ms</Extensions>
    </Filter>
  </ItemGroup>
  <ItemGroup>
    <ClCompile Include="Main.cpp">
      <Filter>Source Files</Filter>
    </ClCompile>
    <ClCompile Include="HuffmanNode.cpp">
      <Filter>Source Files</Filter>
    </ClCompile>
    <ClCompile Include="HuffmanBinaryHeap.cpp">
      <Filter>Source Files</Filter>
    </ClCompile>
    <ClCompile Include="HuffmanEncoder.cpp">
      <Filter>Source Files</Filter>
    </ClCompile>
    <ClCompile Include="FileDispatcher.cpp">
      <Filter>Source Files</Filter>
    </ClCompile>
    <ClCompile Include="FileReadStream.cpp">
      <Filter>Source Files</Filter>
    </ClCompile>
    <ClCompile Include="FileWriteStream.cpp">
      <Filter>Source Files</Filter>
    </ClCompile>
    <ClCompile Include="LZ77Compressor.cpp">
      <Filter>Source Files</Filter>
    </ClCompile>
    <ClCompile Include="LZ78Compressor.cpp">
      <Filter>Source Files</Filter>
    </ClCompile>
    <ClCompile Include="HuffmanCompressor.cpp">
      <Filter>Source Files</Filter>
    </ClCompile>
    <ClCompile Include="Serializator.cpp">
      <Filter>Source Files</Filter>
    </ClCompile>
    <ClCompile Include="Deserializator.cpp">
      <Filter>Source Files</Filter>
    </ClCompile>
    <ClCompile Include="HuffmanDecompressor.cpp">
      <Filter>Source Files</Filter>
    </ClCompile>
  </ItemGroup>
  <ItemGroup>
    <ClInclude Include="HuffmanNode.h">
      <Filter>Header Files</Filter>
    </ClInclude>
    <ClInclude Include="HuffmanBinaryHeap.h">
      <Filter>Header Files</Filter>
    </ClInclude>
    <ClInclude Include="HuffmanEncoder.h">
      <Filter>Header Files</Filter>
    </ClInclude>
    <ClInclude Include="FileDispatcher.h">
      <Filter>Header Files</Filter>
    </ClInclude>
    <ClInclude Include="ReadStream.h">
      <Filter>Header Files</Filter>
    </ClInclude>
    <ClInclude Include="WriteStream.h">
      <Filter>Header Files</Filter>
    </ClInclude>
    <ClInclude Include="FileReadStream.h">
      <Filter>Header Files</Filter>
    </ClInclude>
    <ClInclude Include="FileWriteStream.h">
      <Filter>Header Files</Filter>
    </ClInclude>
    <ClInclude Include="FileCompressor.h">
      <Filter>Header Files</Filter>
    </ClInclude>
    <ClInclude Include="LZ77Compressor.h">
      <Filter>Header Files</Filter>
    </ClInclude>
    <ClInclude Include="LZ78Compressor.h">
      <Filter>Header Files</Filter>
    </ClInclude>
    <ClInclude Include="HuffmanCompressor.h">
      <Filter>Header Files</Filter>
    </ClInclude>
    <ClInclude Include="Serializator.h">
      <Filter>Header Files</Filter>
    </ClInclude>
    <ClInclude Include="Deserializator.h">
      <Filter>Header Files</Filter>
    </ClInclude>
    <ClInclude Include="FileDecompressor.h">
      <Filter>Header Files</Filter>
    </ClInclude>
    <ClInclude Include="HuffmanDecompressor.h">
      <Filter>Header Files</Filter>
    </ClInclude>
  </ItemGroup>
</Project>